
Microsoft Visual Studio Solution File, Format Version 12.00
# Visual Studio Express 2012 for Windows Desktop
Project("{FAE04EC0-301F-11D3-BF4B-00C04F79EFBC}") = "SmallShop", "SmallShop\SmallShop.csproj", "{5EDDA0D7-BC5C-45E5-A0D3-F30399DB032C}"
EndProject
Project("{FAE04EC0-301F-11D3-BF4B-00C04F79EFBC}") = "PersonalTitles", "PersonalTitles\PersonalTitles.csproj", "{A91D7D01-D030-4AD1-A9DC-151574F7EDA1}"
EndProject
Project("{FAE04EC0-301F-11D3-BF4B-00C04F79EFBC}") = "PointInRectangle", "PointInRectangle\PointInRectangle.csproj", "{043BACBE-6971-47F3-AE55-C48482A2F8BB}"
EndProject
Project("{FAE04EC0-301F-11D3-BF4B-00C04F79EFBC}") = "FruitOrVegetable", "FruitOrVegetable\FruitOrVegetable.csproj", "{2D16AE7B-9F0C-4983-922C-4CC49633A82A}"
EndProject
Project("{FAE04EC0-301F-11D3-BF4B-00C04F79EFBC}") = "InvalidNumber", "InvalidNumber\InvalidNumber.csproj", "{4B167619-2A32-4CE8-ACF1-0A378416EE31}"
EndProject
Project("{FAE04EC0-301F-11D3-BF4B-00C04F79EFBC}") = "PointOnRectangleBorder", "PointOnRectangleBorder\PointOnRectangleBorder.csproj", "{7C55AF43-FE63-49CA-B7B1-CC5B8DCF7BF3}"
EndProject
Project("{FAE04EC0-301F-11D3-BF4B-00C04F79EFBC}") = "FruitShop", "FruitShop\FruitShop.csproj", "{1BAEC4AB-C85D-4489-8D94-A3CB0144CBF4}"
EndProject
Project("{FAE04EC0-301F-11D3-BF4B-00C04F79EFBC}") = "TradeComissions", "TradeComissions\TradeComissions.csproj", "{F7F9C0A7-D429-46E1-9DB6-B96773261353}"
EndProject
Project("{FAE04EC0-301F-11D3-BF4B-00C04F79EFBC}") = "DayOfWeek", "DayOfWeek\DayOfWeek.csproj", "{293D535D-BAEC-4DD7-81E7-0108A92A3E6B}"
EndProject
Project("{FAE04EC0-301F-11D3-BF4B-00C04F79EFBC}") = "AnimalType", "AnimalType\AnimalType.csproj", "{13D136C4-50D8-4E5C-AB7D-E74F7F671A97}"
EndProject
Project("{FAE04EC0-301F-11D3-BF4B-00C04F79EFBC}") = "Cinema", "Cinema\Cinema.csproj", "{A2DBC598-5850-45DF-955A-6C16FDD61D4D}"
EndProject
Project("{FAE04EC0-301F-11D3-BF4B-00C04F79EFBC}") = "Volleyball", "Volleyball\Volleyball.csproj", "{34C5B393-791D-4AFB-AED2-FC3EFADFD50A}"
EndProject
Project("{FAE04EC0-301F-11D3-BF4B-00C04F79EFBC}") = "PointInTheFigure", "ConsoleApplication1\PointInTheFigure.csproj", "{C704A568-7957-4915-9423-8741D889F563}"
EndProject
Global
	GlobalSection(SolutionConfigurationPlatforms) = preSolution
		Debug|Any CPU = Debug|Any CPU
		Release|Any CPU = Release|Any CPU
	EndGlobalSection
	GlobalSection(ProjectConfigurationPlatforms) = postSolution
		{5EDDA0D7-BC5C-45E5-A0D3-F30399DB032C}.Debug|Any CPU.ActiveCfg = Debug|Any CPU
		{5EDDA0D7-BC5C-45E5-A0D3-F30399DB032C}.Debug|Any CPU.Build.0 = Debug|Any CPU
		{5EDDA0D7-BC5C-45E5-A0D3-F30399DB032C}.Release|Any CPU.ActiveCfg = Release|Any CPU
		{5EDDA0D7-BC5C-45E5-A0D3-F30399DB032C}.Release|Any CPU.Build.0 = Release|Any CPU
		{A91D7D01-D030-4AD1-A9DC-151574F7EDA1}.Debug|Any CPU.ActiveCfg = Debug|Any CPU
		{A91D7D01-D030-4AD1-A9DC-151574F7EDA1}.Debug|Any CPU.Build.0 = Debug|Any CPU
		{A91D7D01-D030-4AD1-A9DC-151574F7EDA1}.Release|Any CPU.ActiveCfg = Release|Any CPU
		{A91D7D01-D030-4AD1-A9DC-151574F7EDA1}.Release|Any CPU.Build.0 = Release|Any CPU
		{043BACBE-6971-47F3-AE55-C48482A2F8BB}.Debug|Any CPU.ActiveCfg = Debug|Any CPU
		{043BACBE-6971-47F3-AE55-C48482A2F8BB}.Debug|Any CPU.Build.0 = Debug|Any CPU
		{043BACBE-6971-47F3-AE55-C48482A2F8BB}.Release|Any CPU.ActiveCfg = Release|Any CPU
		{043BACBE-6971-47F3-AE55-C48482A2F8BB}.Release|Any CPU.Build.0 = Release|Any CPU
		{2D16AE7B-9F0C-4983-922C-4CC49633A82A}.Debug|Any CPU.ActiveCfg = Debug|Any CPU
		{2D16AE7B-9F0C-4983-922C-4CC49633A82A}.Debug|Any CPU.Build.0 = Debug|Any CPU
		{2D16AE7B-9F0C-4983-922C-4CC49633A82A}.Release|Any CPU.ActiveCfg = Release|Any CPU
		{2D16AE7B-9F0C-4983-922C-4CC49633A82A}.Release|Any CPU.Build.0 = Release|Any CPU
		{4B167619-2A32-4CE8-ACF1-0A378416EE31}.Debug|Any CPU.ActiveCfg = Debug|Any CPU
		{4B167619-2A32-4CE8-ACF1-0A378416EE31}.Debug|Any CPU.Build.0 = Debug|Any CPU
		{4B167619-2A32-4CE8-ACF1-0A378416EE31}.Release|Any CPU.ActiveCfg = Release|Any CPU
		{4B167619-2A32-4CE8-ACF1-0A378416EE31}.Release|Any CPU.Build.0 = Release|Any CPU
		{7C55AF43-FE63-49CA-B7B1-CC5B8DCF7BF3}.Debug|Any CPU.ActiveCfg = Debug|Any CPU
		{7C55AF43-FE63-49CA-B7B1-CC5B8DCF7BF3}.Debug|Any CPU.Build.0 = Debug|Any CPU
		{7C55AF43-FE63-49CA-B7B1-CC5B8DCF7BF3}.Release|Any CPU.ActiveCfg = Release|Any CPU
		{7C55AF43-FE63-49CA-B7B1-CC5B8DCF7BF3}.Release|Any CPU.Build.0 = Release|Any CPU
		{1BAEC4AB-C85D-4489-8D94-A3CB0144CBF4}.Debug|Any CPU.ActiveCfg = Debug|Any CPU
		{1BAEC4AB-C85D-4489-8D94-A3CB0144CBF4}.Debug|Any CPU.Build.0 = Debug|Any CPU
		{1BAEC4AB-C85D-4489-8D94-A3CB0144CBF4}.Release|Any CPU.ActiveCfg = Release|Any CPU
		{1BAEC4AB-C85D-4489-8D94-A3CB0144CBF4}.Release|Any CPU.Build.0 = Release|Any CPU
		{F7F9C0A7-D429-46E1-9DB6-B96773261353}.Debug|Any CPU.ActiveCfg = Debug|Any CPU
		{F7F9C0A7-D429-46E1-9DB6-B96773261353}.Debug|Any CPU.Build.0 = Debug|Any CPU
		{F7F9C0A7-D429-46E1-9DB6-B96773261353}.Release|Any CPU.ActiveCfg = Release|Any CPU
		{F7F9C0A7-D429-46E1-9DB6-B96773261353}.Release|Any CPU.Build.0 = Release|Any CPU
		{293D535D-BAEC-4DD7-81E7-0108A92A3E6B}.Debug|Any CPU.ActiveCfg = Debug|Any CPU
		{293D535D-BAEC-4DD7-81E7-0108A92A3E6B}.Debug|Any CPU.Build.0 = Debug|Any CPU
		{293D535D-BAEC-4DD7-81E7-0108A92A3E6B}.Release|Any CPU.ActiveCfg = Release|Any CPU
		{293D535D-BAEC-4DD7-81E7-0108A92A3E6B}.Release|Any CPU.Build.0 = Release|Any CPU
		{13D136C4-50D8-4E5C-AB7D-E74F7F671A97}.Debug|Any CPU.ActiveCfg = Debug|Any CPU
		{13D136C4-50D8-4E5C-AB7D-E74F7F671A97}.Debug|Any CPU.Build.0 = Debug|Any CPU
		{13D136C4-50D8-4E5C-AB7D-E74F7F671A97}.Release|Any CPU.ActiveCfg = Release|Any CPU
		{13D136C4-50D8-4E5C-AB7D-E74F7F671A97}.Release|Any CPU.Build.0 = Release|Any CPU
		{A2DBC598-5850-45DF-955A-6C16FDD61D4D}.Debug|Any CPU.ActiveCfg = Debug|Any CPU
		{A2DBC598-5850-45DF-955A-6C16FDD61D4D}.Debug|Any CPU.Build.0 = Debug|Any CPU
		{A2DBC598-5850-45DF-955A-6C16FDD61D4D}.Release|Any CPU.ActiveCfg = Release|Any CPU
		{A2DBC598-5850-45DF-955A-6C16FDD61D4D}.Release|Any CPU.Build.0 = Release|Any CPU
		{34C5B393-791D-4AFB-AED2-FC3EFADFD50A}.Debug|Any CPU.ActiveCfg = Debug|Any CPU
		{34C5B393-791D-4AFB-AED2-FC3EFADFD50A}.Debug|Any CPU.Build.0 = Debug|Any CPU
		{34C5B393-791D-4AFB-AED2-FC3EFADFD50A}.Release|Any CPU.ActiveCfg = Release|Any CPU
		{34C5B393-791D-4AFB-AED2-FC3EFADFD50A}.Release|Any CPU.Build.0 = Release|Any CPU
		{C704A568-7957-4915-9423-8741D889F563}.Debug|Any CPU.ActiveCfg = Debug|Any CPU
		{C704A568-7957-4915-9423-8741D889F563}.Debug|Any CPU.Build.0 = Debug|Any CPU
		{C704A568-7957-4915-9423-8741D889F563}.Release|Any CPU.ActiveCfg = Release|Any CPU
		{C704A568-7957-4915-9423-8741D889F563}.Release|Any CPU.Build.0 = Release|Any CPU
	EndGlobalSection
	GlobalSection(SolutionProperties) = preSolution
		HideSolutionNode = FALSE
	EndGlobalSection
EndGlobal
